
Microsoft Visual Studio Solution File, Format Version 12.00
# Visual Studio Version 17
VisualStudioVersion = 17.0.31612.314
MinimumVisualStudioVersion = 10.0.40219.1
Project("{9A19103F-16F7-4668-BE54-9A1E7A4F7556}") = "socket_server", "socket_server.csproj", "{16EFF813-21D0-4002-9B3D-B098A18E17C8}"
EndProject
Project("{2150E333-8FDC-42A3-9474-1A3956D46DE8}") = "Solution Items", "Solution Items", "{99BDD739-31A2-4C6B-BC97-A4F56D17B46B}"
	ProjectSection(SolutionItems) = preProject
		.editorconfig = .editorconfig
	EndProjectSection
EndProject
Project("{FAE04EC0-301F-11D3-BF4B-00C04F79EFBC}") = "socket_client", "..\socket_client\socket_client.csproj", "{363098B1-4275-41CA-92BB-0E3C423069DE}"
EndProject
Global
	GlobalSection(SolutionConfigurationPlatforms) = preSolution
		Debug|Any CPU = Debug|Any CPU
		Release|Any CPU = Release|Any CPU
	EndGlobalSection
	GlobalSection(ProjectConfigurationPlatforms) = postSolution
		{16EFF813-21D0-4002-9B3D-B098A18E17C8}.Debug|Any CPU.ActiveCfg = Debug|Any CPU
		{16EFF813-21D0-4002-9B3D-B098A18E17C8}.Debug|Any CPU.Build.0 = Debug|Any CPU
		{16EFF813-21D0-4002-9B3D-B098A18E17C8}.Release|Any CPU.ActiveCfg = Release|Any CPU
		{16EFF813-21D0-4002-9B3D-B098A18E17C8}.Release|Any CPU.Build.0 = Release|Any CPU
		{363098B1-4275-41CA-92BB-0E3C423069DE}.Debug|Any CPU.ActiveCfg = Debug|Any CPU
		{363098B1-4275-41CA-92BB-0E3C423069DE}.Debug|Any CPU.Build.0 = Debug|Any CPU
		{363098B1-4275-41CA-92BB-0E3C423069DE}.Release|Any CPU.ActiveCfg = Release|Any CPU
		{363098B1-4275-41CA-92BB-0E3C423069DE}.Release|Any CPU.Build.0 = Release|Any CPU
	EndGlobalSection
	GlobalSection(SolutionProperties) = preSolution
		HideSolutionNode = FALSE
	EndGlobalSection
	GlobalSection(ExtensibilityGlobals) = postSolution
		SolutionGuid = {6752B94C-D0F7-4083-B609-2E91B3C690D7}
	EndGlobalSection
EndGlobal
